// !$*UTF8*$!
{
	archiveVersion = 1;
	classes = {
	};
	objectVersion = 46;
	objects = {

/* Begin PBXBuildFile section */
		968EE8E51D155AAF0030A639 /* AppDelegate.swift in Sources */ = {isa = PBXBuildFile; fileRef = 968EE8E41D155AAF0030A639 /* AppDelegate.swift */; };
		968EE8E71D155AAF0030A639 /* ViewController.swift in Sources */ = {isa = PBXBuildFile; fileRef = 968EE8E61D155AAF0030A639 /* ViewController.swift */; };
		968EE8EA1D155AAF0030A639 /* Main.storyboard in Resources */ = {isa = PBXBuildFile; fileRef = 968EE8E81D155AAF0030A639 /* Main.storyboard */; };
		968EE8EC1D155AAF0030A639 /* Assets.xcassets in Resources */ = {isa = PBXBuildFile; fileRef = 968EE8EB1D155AAF0030A639 /* Assets.xcassets */; };
		968EE8EF1D155AAF0030A639 /* LaunchScreen.storyboard in Resources */ = {isa = PBXBuildFile; fileRef = 968EE8ED1D155AAF0030A639 /* LaunchScreen.storyboard */; };
/* End PBXBuildFile section */

/* Begin PBXFileReference section */
		968EE8E11D155AAF0030A639 /* AddressSearchApp.app */ = {isa = PBXFileReference; explicitFileType = wrapper.application; includeInIndex = 0; path = AddressSearchApp.app; sourceTree = BUILT_PRODUCTS_DIR; };
		968EE8E41D155AAF0030A639 /* AppDelegate.swift */ = {isa = PBXFileReference; lastKnownFileType = sourcecode.swift; path = AppDelegate.swift; sourceTree = "<group>"; };
		968EE8E61D155AAF0030A639 /* ViewController.swift */ = {isa = PBXFileReference; lastKnownFileType = sourcecode.swift; path = ViewController.swift; sourceTree = "<group>"; };
		968EE8E91D155AAF0030A639 /* Base */ = {isa = PBXFileReference; lastKnownFileType = file.storyboard; name = Base; path = Base.lproj/Main.storyboard; sourceTree = "<group>"; };
		968EE8EB1D155AAF0030A639 /* Assets.xcassets */ = {isa = PBXFileReference; lastKnownFileType = folder.assetcatalog; path = Assets.xcassets; sourceTree = "<group>"; };
		968EE8EE1D155AAF0030A639 /* Base */ = {isa = PBXFileReference; lastKnownFileType = file.storyboard; name = Base; path = Base.lproj/LaunchScreen.storyboard; sourceTree = "<group>"; };
		968EE8F01D155AAF0030A639 /* Info.plist */ = {isa = PBXFileReference; lastKnownFileType = text.plist.xml; path = Info.plist; sourceTree = "<group>"; };
/* End PBXFileReference section */

/* Begin PBXFrameworksBuildPhase section */
		968EE8DE1D155AAF0030A639 /* Frameworks */ = {
			isa = PBXFrameworksBuildPhase;
			buildActionMask = 2147483647;
			files = (
			);
			runOnlyForDeploymentPostprocessing = 0;
		};
/* End PBXFrameworksBuildPhase section */

/* Begin PBXGroup section */
		968EE8D81D155AAF0030A639 = {
			isa = PBXGroup;
			children = (
				968EE8E31D155AAF0030A639 /* AddressSearchApp */,
				968EE8E21D155AAF0030A639 /* Products */,
			);
			sourceTree = "<group>";
		};
		968EE8E21D155AAF0030A639 /* Products */ = {
			isa = PBXGroup;
			children = (
				968EE8E11D155AAF0030A639 /* AddressSearchApp.app */,
			);
			name = Products;
			sourceTree = "<group>";
		};
		968EE8E31D155AAF0030A639 /* AddressSearchApp */ = {
			isa = PBXGroup;
			children = (
				968EE8E41D155AAF0030A639 /* AppDelegate.swift */,
				968EE8E61D155AAF0030A639 /* ViewController.swift */,
				968EE8E81D155AAF0030A639 /* Main.storyboard */,
				968EE8EB1D155AAF0030A639 /* Assets.xcassets */,
				968EE8ED1D155AAF0030A639 /* LaunchScreen.storyboard */,
				968EE8F01D155AAF0030A639 /* Info.plist */,
			);
			path = AddressSearchApp;
			sourceTree = "<group>";
		};
/* End PBXGroup section */

/* Begin PBXNativeTarget section */
		968EE8E01D155AAF0030A639 /* AddressSearchApp */ = {
			isa = PBXNativeTarget;
			buildConfigurationList = 968EE8F31D155AAF0030A639 /* Build configuration list for PBXNativeTarget "AddressSearchApp" */;
			buildPhases = (
				968EE8DD1D155AAF0030A639 /* Sources */,
				968EE8DE1D155AAF0030A639 /* Frameworks */,
				968EE8DF1D155AAF0030A639 /* Resources */,
			);
			buildRules = (
			);
			dependencies = (
			);
			name = AddressSearchApp;
			productName = AddressSearchApp;
			productReference = 968EE8E11D155AAF0030A639 /* AddressSearchApp.app */;
			productType = "com.apple.product-type.application";
		};
/* End PBXNativeTarget section */

/* Begin PBXProject section */
		968EE8D91D155AAF0030A639 /* Project object */ = {
			isa = PBXProject;
			attributes = {
				LastSwiftUpdateCheck = 0730;
				LastUpgradeCheck = 0730;
				ORGANIZATIONNAME = "kentaro aoki";
				TargetAttributes = {
					968EE8E01D155AAF0030A639 = {
						CreatedOnToolsVersion = 7.3.1;
						DevelopmentTeam = QE8B494327;
					};
				};
			};
			buildConfigurationList = 968EE8DC1D155AAF0030A639 /* Build configuration list for PBXProject "AddressSearchApp" */;
			compatibilityVersion = "Xcode 3.2";
			developmentRegion = English;
			hasScannedForEncodings = 0;
			knownRegions = (
				en,
				Base,
			);
			mainGroup = 968EE8D81D155AAF0030A639;
			productRefGroup = 968EE8E21D155AAF0030A639 /* Products */;
			projectDirPath = "";
			projectRoot = "";
			targets = (
				968EE8E01D155AAF0030A639 /* AddressSearchApp */,
			);
		};
/* End PBXProject section */

/* Begin PBXResourcesBuildPhase section */
		968EE8DF1D155AAF0030A639 /* Resources */ = {
			isa = PBXResourcesBuildPhase;
			buildActionMask = 2147483647;
			files = (
				968EE8EF1D155AAF0030A639 /* LaunchScreen.storyboard in Resources */,
				968EE8EC1D155AAF0030A639 /* Assets.xcassets in Resources */,
				968EE8EA1D155AAF0030A639 /* Main.storyboard in Resources */,
			);
			runOnlyForDeploymentPostprocessing = 0;
		};
/* End PBXResourcesBuildPhase section */

/* Begin PBXSourcesBuildPhase section */
		968EE8DD1D155AAF0030A639 /* Sources */ = {
			isa = PBXSourcesBuildPhase;
			buildActionMask = 2147483647;
			files = (
				968EE8E71D155AAF0030A639 /* ViewController.swift in Sources */,
				968EE8E51D155AAF0030A639 /* AppDelegate.swift in Sources */,
			);
			runOnlyForDeploymentPostprocessing = 0;
		};
/* End PBXSourcesBuildPhase section */

/* Begin PBXVariantGroup section */
		968EE8E81D155AAF0030A639 /* Main.storyboard */ = {
			isa = PBXVariantGroup;
			children = (
				968EE8E91D155AAF0030A639 /* Base */,
			);
			name = Main.storyboard;
			sourceTree = "<group>";
		};
		968EE8ED1D155AAF0030A639 /* LaunchScreen.storyboard */ = {
			isa = PBXVariantGroup;
			children = (
				968EE8EE1D155AAF0030A639 /* Base */,
			);
			name = LaunchScreen.storyboard;
			sourceTree = "<group>";
		};
/* End PBXVariantGroup section */

/* Begin XCBuildConfiguration section */
		968EE8F11D155AAF0030A639 /* Debug */ = {
			isa = XCBuildConfiguration;
			buildSettings = {
				ALWAYS_SEARCH_USER_PATHS = NO;
				CLANG_ANALYZER_NONNULL = YES;
				CLANG_CXX_LANGUAGE_STANDARD = "gnu++0x";
				CLANG_CXX_LIBRARY = "libc++";
				CLANG_ENABLE_MODULES = YES;
				CLANG_ENABLE_OBJC_ARC = YES;
				CLANG_WARN_BOOL_CONVERSION = YES;
				CLANG_WARN_CONSTANT_CONVERSION = YES;
				CLANG_WARN_DIRECT_OBJC_ISA_USAGE = YES_ERROR;
				CLANG_WARN_EMPTY_BODY = YES;
				CLANG_WARN_ENUM_CONVERSION = YES;
				CLANG_WARN_INT_CONVERSION = YES;
				CLANG_WARN_OBJC_ROOT_CLASS = YES_ERROR;
				CLANG_WARN_UNREACHABLE_CODE = YES;
				CLANG_WARN__DUPLICATE_METHOD_MATCH = YES;
				"CODE_SIGN_IDENTITY[sdk=iphoneos*]" = "iPhone Developer";
				COPY_PHASE_STRIP = NO;
				DEBUG_INFORMATION_FORMAT = dwarf;
				ENABLE_STRICT_OBJC_MSGSEND = YES;
				ENABLE_TESTABILITY = YES;
				GCC_C_LANGUAGE_STANDARD = gnu99;
				GCC_DYNAMIC_NO_PIC = NO;
				GCC_NO_COMMON_BLOCKS = YES;
				GCC_OPTIMIZATION_LEVEL = 0;
				GCC_PREPROCESSOR_DEFINITIONS = (
					"DEBUG=1",
					"$(inherited)",
				);
				GCC_WARN_64_TO_32_BIT_CONVERSION = YES;
				GCC_WARN_ABOUT_RETURN_TYPE = YES_ERROR;
				GCC_WARN_UNDECLARED_SELECTOR = YES;
				GCC_WARN_UNINITIALIZED_AUTOS = YES_AGGRESSIVE;
				GCC_WARN_UNUSED_FUNCTION = YES;
				GCC_WARN_UNUSED_VARIABLE = YES;
				IPHONEOS_DEPLOYMENT_TARGET = 9.3;
				MTL_ENABLE_DEBUG_INFO = YES;
				ONLY_ACTIVE_ARCH = YES;
				SDKROOT = iphoneos;
				SWIFT_OPTIMIZATION_LEVEL = "-Onone";
			};
			name = Debug;
		};
		968EE8F21D155AAF0030A639 /* Release */ = {
			isa = XCBuildConfiguration;
			buildSettings = {
				ALWAYS_SEARCH_USER_PATHS = NO;
				CLANG_ANALYZER_NONNULL = YES;
				CLANG_CXX_LANGUAGE_STANDARD = "gnu++0x";
				CLANG_CXX_LIBRARY = "libc++";
				CLANG_ENABLE_MODULES = YES;
				CLANG_ENABLE_OBJC_ARC = YES;
				CLANG_WARN_BOOL_CONVERSION = YES;
				CLANG_WARN_CONSTANT_CONVERSION = YES;
				CLANG_WARN_DIRECT_OBJC_ISA_USAGE = YES_ERROR;
				CLANG_WARN_EMPTY_BODY = YES;
				CLANG_WARN_ENUM_CONVERSION = YES;
				CLANG_WARN_INT_CONVERSION = YES;
				CLANG_WARN_OBJC_ROOT_CLASS = YES_ERROR;
				CLANG_WARN_UNREACHABLE_CODE = YES;
				CLANG_WARN__DUPLICATE_METHOD_MATCH = YES;
				"CODE_SIGN_IDENTITY[sdk=iphoneos*]" = "iPhone Developer";
				COPY_PHASE_STRIP = NO;
				DEBUG_INFORMATION_FORMAT = "dwarf-with-dsym";
				ENABLE_NS_ASSERTIONS = NO;
				ENABLE_STRICT_OBJC_MSGSEND = YES;
				GCC_C_LANGUAGE_STANDARD = gnu99;
				GCC_NO_COMMON_BLOCKS = YES;
				GCC_WARN_64_TO_32_BIT_CONVERSION = YES;
				GCC_WARN_ABOUT_RETURN_TYPE = YES_ERROR;
				GCC_WARN_UNDECLARED_SELECTOR = YES;
				GCC_WARN_UNINITIALIZED_AUTOS = YES_AGGRESSIVE;
				GCC_WARN_UNUSED_FUNCTION = YES;
				GCC_WARN_UNUSED_VARIABLE = YES;
				IPHONEOS_DEPLOYMENT_TARGET = 9.3;
				MTL_ENABLE_DEBUG_INFO = NO;
				SDKROOT = iphoneos;
				VALIDATE_PRODUCT = YES;
			};
			name = Release;
		};
		968EE8F41D155AAF0030A639 /* Debug */ = {
			isa = XCBuildConfiguration;
			buildSettings = {
				ASSETCATALOG_COMPILER_APPICON_NAME = AppIcon;
				INFOPLIST_FILE = AddressSearchApp/Info.plist;
				LD_RUNPATH_SEARCH_PATHS = "$(inherited) @executable_path/Frameworks";
				PRODUCT_BUNDLE_IDENTIFIER = com.kenzoooz.AddressSearchApp;
				PRODUCT_NAME = "$(TARGET_NAME)";
			};
			name = Debug;
		};
		968EE8F51D155AAF0030A639 /* Release */ = {
			isa = XCBuildConfiguration;
			buildSettings = {
				ASSETCATALOG_COMPILER_APPICON_NAME = AppIcon;
				INFOPLIST_FILE = AddressSearchApp/Info.plist;
				LD_RUNPATH_SEARCH_PATHS = "$(inherited) @executable_path/Frameworks";
				PRODUCT_BUNDLE_IDENTIFIER = com.kenzoooz.AddressSearchApp;
				PRODUCT_NAME = "$(TARGET_NAME)";
			};
			name = Release;
		};
/* End XCBuildConfiguration section */

/* Begin XCConfigurationList section */
		968EE8DC1D155AAF0030A639 /* Build configuration list for PBXProject "AddressSearchApp" */ = {
			isa = XCConfigurationList;
			buildConfigurations = (
				968EE8F11D155AAF0030A639 /* Debug */,
				968EE8F21D155AAF0030A639 /* Release */,
			);
			defaultConfigurationIsVisible = 0;
			defaultConfigurationName = Release;
		};
		968EE8F31D155AAF0030A639 /* Build configuration list for PBXNativeTarget "AddressSearchApp" */ = {
			isa = XCConfigurationList;
			buildConfigurations = (
				968EE8F41D155AAF0030A639 /* Debug */,
				968EE8F51D155AAF0030A639 /* Release */,
			);
			defaultConfigurationIsVisible = 0;
		};
/* End XCConfigurationList section */
	};
	rootObject = 968EE8D91D155AAF0030A639 /* Project object */;
}
